// !$*UTF8*$!
{
	archiveVersion = 1;
	classes = {
	};
	objectVersion = 50;
	objects = {

/* Begin PBXBuildFile section */
		C221119A21D60B4B00008DCB /* StudentTableViewCell1.swift in Sources */ = {isa = PBXBuildFile; fileRef = C221119921D60B4B00008DCB /* StudentTableViewCell1.swift */; };
		C2287A1221D6702D00C8708A /* StudentDetailsViewController.swift in Sources */ = {isa = PBXBuildFile; fileRef = C2287A1121D6702D00C8708A /* StudentDetailsViewController.swift */; };
		C25C4F6F21D343E000D375E0 /* AppDelegate.swift in Sources */ = {isa = PBXBuildFile; fileRef = C25C4F6E21D343E000D375E0 /* AppDelegate.swift */; };
		C25C4F7121D343E000D375E0 /* ViewController.swift in Sources */ = {isa = PBXBuildFile; fileRef = C25C4F7021D343E000D375E0 /* ViewController.swift */; };
		C25C4F7421D343E000D375E0 /* Main.storyboard in Resources */ = {isa = PBXBuildFile; fileRef = C25C4F7221D343E000D375E0 /* Main.storyboard */; };
		C25C4F7621D343E600D375E0 /* Assets.xcassets in Resources */ = {isa = PBXBuildFile; fileRef = C25C4F7521D343E600D375E0 /* Assets.xcassets */; };
		C25C4F7921D343E600D375E0 /* LaunchScreen.storyboard in Resources */ = {isa = PBXBuildFile; fileRef = C25C4F7721D343E600D375E0 /* LaunchScreen.storyboard */; };
		C25C4F8421D343E600D375E0 /* TableViewPracticeTests.swift in Sources */ = {isa = PBXBuildFile; fileRef = C25C4F8321D343E600D375E0 /* TableViewPracticeTests.swift */; };
		C25C4F8F21D343E600D375E0 /* TableViewPracticeUITests.swift in Sources */ = {isa = PBXBuildFile; fileRef = C25C4F8E21D343E600D375E0 /* TableViewPracticeUITests.swift */; };
		C25C4FA021D34E5500D375E0 /* StudentTableViewCell.swift in Sources */ = {isa = PBXBuildFile; fileRef = C25C4F9F21D34E5500D375E0 /* StudentTableViewCell.swift */; };
/* End PBXBuildFile section */

/* Begin PBXContainerItemProxy section */
		C221118D21D5FD4C00008DCB /* PBXContainerItemProxy */ = {
			isa = PBXContainerItemProxy;
			containerPortal = C25C4FA121D353B900D375E0 /* Kingfisher.xcodeproj */;
			proxyType = 1;
			remoteGlobalIDString = D1ED2D341AD2D09F00CFC3EB;
			remoteInfo = "Kingfisher-iOS";
		};
		C25C4F8021D343E600D375E0 /* PBXContainerItemProxy */ = {
			isa = PBXContainerItemProxy;
			containerPortal = C25C4F6321D343E000D375E0 /* Project object */;
			proxyType = 1;
			remoteGlobalIDString = C25C4F6A21D343E000D375E0;
			remoteInfo = TableViewPractice;
		};
		C25C4F8B21D343E600D375E0 /* PBXContainerItemProxy */ = {
			isa = PBXContainerItemProxy;
			containerPortal = C25C4F6321D343E000D375E0 /* Project object */;
			proxyType = 1;
			remoteGlobalIDString = C25C4F6A21D343E000D375E0;
			remoteInfo = TableViewPractice;
		};
		C25C4FAB21D353B900D375E0 /* PBXContainerItemProxy */ = {
			isa = PBXContainerItemProxy;
			containerPortal = C25C4FA121D353B900D375E0 /* Kingfisher.xcodeproj */;
			proxyType = 2;
			remoteGlobalIDString = D1ED2D351AD2D09F00CFC3EB;
			remoteInfo = "Kingfisher-iOS";
		};
		C25C4FAD21D353B900D375E0 /* PBXContainerItemProxy */ = {
			isa = PBXContainerItemProxy;
			containerPortal = C25C4FA121D353B900D375E0 /* Kingfisher.xcodeproj */;
			proxyType = 2;
			remoteGlobalIDString = D13F49D61BEDA67C00CE335D;
			remoteInfo = "Kingfisher-tvOS";
		};
		C25C4FAF21D353B900D375E0 /* PBXContainerItemProxy */ = {
			isa = PBXContainerItemProxy;
			containerPortal = C25C4FA121D353B900D375E0 /* Kingfisher.xcodeproj */;
			proxyType = 2;
			remoteGlobalIDString = 4B2944481C3D01B20088C3E7;
			remoteInfo = "Kingfisher-macOS";
		};
		C25C4FB121D353B900D375E0 /* PBXContainerItemProxy */ = {
			isa = PBXContainerItemProxy;
			containerPortal = C25C4FA121D353B900D375E0 /* Kingfisher.xcodeproj */;
			proxyType = 2;
			remoteGlobalIDString = D16799EB1C4E74460020FD12;
			remoteInfo = "Kingfisher-watchOS";
		};
		C25C4FB321D353B900D375E0 /* PBXContainerItemProxy */ = {
			isa = PBXContainerItemProxy;
			containerPortal = C25C4FA121D353B900D375E0 /* Kingfisher.xcodeproj */;
			proxyType = 2;
			remoteGlobalIDString = D1ED2D3F1AD2D09F00CFC3EB;
			remoteInfo = KingfisherTests;
		};
		C25C4FB521D353B900D375E0 /* PBXContainerItemProxy */ = {
			isa = PBXContainerItemProxy;
			containerPortal = C25C4FA121D353B900D375E0 /* Kingfisher.xcodeproj */;
			proxyType = 2;
			remoteGlobalIDString = 4B37667F1C478F940001443F;
			remoteInfo = "KingfisherTests-tvOS";
		};
		C25C4FB721D353B900D375E0 /* PBXContainerItemProxy */ = {
			isa = PBXContainerItemProxy;
			containerPortal = C25C4FA121D353B900D375E0 /* Kingfisher.xcodeproj */;
			proxyType = 2;
			remoteGlobalIDString = D10EC2311C3D632300A4211C;
			remoteInfo = "KingfisherTests-macOS";
		};
/* End PBXContainerItemProxy section */

/* Begin PBXCopyFilesBuildPhase section */
		C221119621D5FD4E00008DCB /* Copy Frameworks */ = {
			isa = PBXCopyFilesBuildPhase;
			buildActionMask = 2147483647;
			dstPath = "";
			dstSubfolderSpec = 10;
			files = (
			);
			name = "Copy Frameworks";
			runOnlyForDeploymentPostprocessing = 0;
		};
/* End PBXCopyFilesBuildPhase section */

/* Begin PBXFileReference section */
		C221119921D60B4B00008DCB /* StudentTableViewCell1.swift */ = {isa = PBXFileReference; lastKnownFileType = sourcecode.swift; path = StudentTableViewCell1.swift; sourceTree = "<group>"; };
		C2287A1121D6702D00C8708A /* StudentDetailsViewController.swift */ = {isa = PBXFileReference; lastKnownFileType = sourcecode.swift; path = StudentDetailsViewController.swift; sourceTree = "<group>"; };
		C25C4F6B21D343E000D375E0 /* TableViewPractice.app */ = {isa = PBXFileReference; explicitFileType = wrapper.application; includeInIndex = 0; path = TableViewPractice.app; sourceTree = BUILT_PRODUCTS_DIR; };
		C25C4F6E21D343E000D375E0 /* AppDelegate.swift */ = {isa = PBXFileReference; lastKnownFileType = sourcecode.swift; path = AppDelegate.swift; sourceTree = "<group>"; };
		C25C4F7021D343E000D375E0 /* ViewController.swift */ = {isa = PBXFileReference; lastKnownFileType = sourcecode.swift; path = ViewController.swift; sourceTree = "<group>"; };
		C25C4F7321D343E000D375E0 /* Base */ = {isa = PBXFileReference; lastKnownFileType = file.storyboard; name = Base; path = Base.lproj/Main.storyboard; sourceTree = "<group>"; };
		C25C4F7521D343E600D375E0 /* Assets.xcassets */ = {isa = PBXFileReference; lastKnownFileType = folder.assetcatalog; path = Assets.xcassets; sourceTree = "<group>"; };
		C25C4F7821D343E600D375E0 /* Base */ = {isa = PBXFileReference; lastKnownFileType = file.storyboard; name = Base; path = Base.lproj/LaunchScreen.storyboard; sourceTree = "<group>"; };
		C25C4F7A21D343E600D375E0 /* Info.plist */ = {isa = PBXFileReference; lastKnownFileType = text.plist.xml; path = Info.plist; sourceTree = "<group>"; };
		C25C4F7F21D343E600D375E0 /* TableViewPracticeTests.xctest */ = {isa = PBXFileReference; explicitFileType = wrapper.cfbundle; includeInIndex = 0; path = TableViewPracticeTests.xctest; sourceTree = BUILT_PRODUCTS_DIR; };
		C25C4F8321D343E600D375E0 /* TableViewPracticeTests.swift */ = {isa = PBXFileReference; lastKnownFileType = sourcecode.swift; path = TableViewPracticeTests.swift; sourceTree = "<group>"; };
		C25C4F8521D343E600D375E0 /* Info.plist */ = {isa = PBXFileReference; lastKnownFileType = text.plist.xml; path = Info.plist; sourceTree = "<group>"; };
		C25C4F8A21D343E600D375E0 /* TableViewPracticeUITests.xctest */ = {isa = PBXFileReference; explicitFileType = wrapper.cfbundle; includeInIndex = 0; path = TableViewPracticeUITests.xctest; sourceTree = BUILT_PRODUCTS_DIR; };
		C25C4F8E21D343E600D375E0 /* TableViewPracticeUITests.swift */ = {isa = PBXFileReference; lastKnownFileType = sourcecode.swift; path = TableViewPracticeUITests.swift; sourceTree = "<group>"; };
		C25C4F9021D343E600D375E0 /* Info.plist */ = {isa = PBXFileReference; lastKnownFileType = text.plist.xml; path = Info.plist; sourceTree = "<group>"; };
		C25C4F9F21D34E5500D375E0 /* StudentTableViewCell.swift */ = {isa = PBXFileReference; lastKnownFileType = sourcecode.swift; path = StudentTableViewCell.swift; sourceTree = "<group>"; };
		C25C4FA121D353B900D375E0 /* Kingfisher.xcodeproj */ = {isa = PBXFileReference; lastKnownFileType = "wrapper.pb-project"; name = Kingfisher.xcodeproj; path = Kingfisher/Kingfisher.xcodeproj; sourceTree = "<group>"; };
/* End PBXFileReference section */

/* Begin PBXFrameworksBuildPhase section */
		C25C4F6821D343E000D375E0 /* Frameworks */ = {
			isa = PBXFrameworksBuildPhase;
			buildActionMask = 2147483647;
			files = (
			);
			runOnlyForDeploymentPostprocessing = 0;
		};
		C25C4F7C21D343E600D375E0 /* Frameworks */ = {
			isa = PBXFrameworksBuildPhase;
			buildActionMask = 2147483647;
			files = (
			);
			runOnlyForDeploymentPostprocessing = 0;
		};
		C25C4F8721D343E600D375E0 /* Frameworks */ = {
			isa = PBXFrameworksBuildPhase;
			buildActionMask = 2147483647;
			files = (
			);
			runOnlyForDeploymentPostprocessing = 0;
		};
/* End PBXFrameworksBuildPhase section */

/* Begin PBXGroup section */
		C25C4F6221D343E000D375E0 = {
			isa = PBXGroup;
			children = (
				C25C4FA121D353B900D375E0 /* Kingfisher.xcodeproj */,
				C25C4F6D21D343E000D375E0 /* TableViewPractice */,
				C25C4F8221D343E600D375E0 /* TableViewPracticeTests */,
				C25C4F8D21D343E600D375E0 /* TableViewPracticeUITests */,
				C25C4F6C21D343E000D375E0 /* Products */,
			);
			sourceTree = "<group>";
		};
		C25C4F6C21D343E000D375E0 /* Products */ = {
			isa = PBXGroup;
			children = (
				C25C4F6B21D343E000D375E0 /* TableViewPractice.app */,
				C25C4F7F21D343E600D375E0 /* TableViewPracticeTests.xctest */,
				C25C4F8A21D343E600D375E0 /* TableViewPracticeUITests.xctest */,
			);
			name = Products;
			sourceTree = "<group>";
		};
		C25C4F6D21D343E000D375E0 /* TableViewPractice */ = {
			isa = PBXGroup;
			children = (
				C25C4F6E21D343E000D375E0 /* AppDelegate.swift */,
				C25C4F7021D343E000D375E0 /* ViewController.swift */,
				C25C4F7221D343E000D375E0 /* Main.storyboard */,
				C25C4F7521D343E600D375E0 /* Assets.xcassets */,
				C25C4F7721D343E600D375E0 /* LaunchScreen.storyboard */,
				C25C4F7A21D343E600D375E0 /* Info.plist */,
				C25C4F9F21D34E5500D375E0 /* StudentTableViewCell.swift */,
				C221119921D60B4B00008DCB /* StudentTableViewCell1.swift */,
				C2287A1121D6702D00C8708A /* StudentDetailsViewController.swift */,
			);
			path = TableViewPractice;
			sourceTree = "<group>";
		};
		C25C4F8221D343E600D375E0 /* TableViewPracticeTests */ = {
			isa = PBXGroup;
			children = (
				C25C4F8321D343E600D375E0 /* TableViewPracticeTests.swift */,
				C25C4F8521D343E600D375E0 /* Info.plist */,
			);
			path = TableViewPracticeTests;
			sourceTree = "<group>";
		};
		C25C4F8D21D343E600D375E0 /* TableViewPracticeUITests */ = {
			isa = PBXGroup;
			children = (
				C25C4F8E21D343E600D375E0 /* TableViewPracticeUITests.swift */,
				C25C4F9021D343E600D375E0 /* Info.plist */,
			);
			path = TableViewPracticeUITests;
			sourceTree = "<group>";
		};
		C25C4FA221D353B900D375E0 /* Products */ = {
			isa = PBXGroup;
			children = (
				C25C4FAC21D353B900D375E0 /* Kingfisher.framework */,
				C25C4FAE21D353B900D375E0 /* Kingfisher.framework */,
				C25C4FB021D353B900D375E0 /* Kingfisher.framework */,
				C25C4FB221D353B900D375E0 /* Kingfisher.framework */,
				C25C4FB421D353B900D375E0 /* KingfisherTests.xctest */,
				C25C4FB621D353B900D375E0 /* KingfisherTests-tvOS.xctest */,
				C25C4FB821D353B900D375E0 /* KingfisherTests-macOS.xctest */,
			);
			name = Products;
			sourceTree = "<group>";
		};
/* End PBXGroup section */

/* Begin PBXNativeTarget section */
		C25C4F6A21D343E000D375E0 /* TableViewPractice */ = {
			isa = PBXNativeTarget;
			buildConfigurationList = C25C4F9321D343E600D375E0 /* Build configuration list for PBXNativeTarget "TableViewPractice" */;
			buildPhases = (
				C25C4F6721D343E000D375E0 /* Sources */,
				C25C4F6821D343E000D375E0 /* Frameworks */,
				C25C4F6921D343E000D375E0 /* Resources */,
				C221119621D5FD4E00008DCB /* Copy Frameworks */,
			);
			buildRules = (
			);
			dependencies = (
				C221118E21D5FD4C00008DCB /* PBXTargetDependency */,
			);
			name = TableViewPractice;
			productName = TableViewPractice;
			productReference = C25C4F6B21D343E000D375E0 /* TableViewPractice.app */;
			productType = "com.apple.product-type.application";
		};
		C25C4F7E21D343E600D375E0 /* TableViewPracticeTests */ = {
			isa = PBXNativeTarget;
			buildConfigurationList = C25C4F9621D343E600D375E0 /* Build configuration list for PBXNativeTarget "TableViewPracticeTests" */;
			buildPhases = (
				C25C4F7B21D343E600D375E0 /* Sources */,
				C25C4F7C21D343E600D375E0 /* Frameworks */,
				C25C4F7D21D343E600D375E0 /* Resources */,
			);
			buildRules = (
			);
			dependencies = (
				C25C4F8121D343E600D375E0 /* PBXTargetDependency */,
			);
			name = TableViewPracticeTests;
			productName = TableViewPracticeTests;
			productReference = C25C4F7F21D343E600D375E0 /* TableViewPracticeTests.xctest */;
			productType = "com.apple.product-type.bundle.unit-test";
		};
		C25C4F8921D343E600D375E0 /* TableViewPracticeUITests */ = {
			isa = PBXNativeTarget;
			buildConfigurationList = C25C4F9921D343E600D375E0 /* Build configuration list for PBXNativeTarget "TableViewPracticeUITests" */;
			buildPhases = (
				C25C4F8621D343E600D375E0 /* Sources */,
				C25C4F8721D343E600D375E0 /* Frameworks */,
				C25C4F8821D343E600D375E0 /* Resources */,
			);
			buildRules = (
			);
			dependencies = (
				C25C4F8C21D343E600D375E0 /* PBXTargetDependency */,
			);
			name = TableViewPracticeUITests;
			productName = TableViewPracticeUITests;
			productReference = C25C4F8A21D343E600D375E0 /* TableViewPracticeUITests.xctest */;
			productType = "com.apple.product-type.bundle.ui-testing";
		};
/* End PBXNativeTarget section */

/* Begin PBXProject section */
		C25C4F6321D343E000D375E0 /* Project object */ = {
			isa = PBXProject;
			attributes = {
				LastSwiftUpdateCheck = 1000;
				LastUpgradeCheck = 1000;
				ORGANIZATIONNAME = "iOS Training";
				TargetAttributes = {
					C25C4F6A21D343E000D375E0 = {
						CreatedOnToolsVersion = 10.0;
					};
					C25C4F7E21D343E600D375E0 = {
						CreatedOnToolsVersion = 10.0;
						TestTargetID = C25C4F6A21D343E000D375E0;
					};
					C25C4F8921D343E600D375E0 = {
						CreatedOnToolsVersion = 10.0;
						TestTargetID = C25C4F6A21D343E000D375E0;
					};
				};
			};
			buildConfigurationList = C25C4F6621D343E000D375E0 /* Build configuration list for PBXProject "TableViewPractice" */;
			compatibilityVersion = "Xcode 9.3";
			developmentRegion = en;
			hasScannedForEncodings = 0;
			knownRegions = (
				en,
				Base,
			);
			mainGroup = C25C4F6221D343E000D375E0;
			productRefGroup = C25C4F6C21D343E000D375E0 /* Products */;
			projectDirPath = "";
			projectReferences = (
				{
					ProductGroup = C25C4FA221D353B900D375E0 /* Products */;
					ProjectRef = C25C4FA121D353B900D375E0 /* Kingfisher.xcodeproj */;
				},
			);
			projectRoot = "";
			targets = (
				C25C4F6A21D343E000D375E0 /* TableViewPractice */,
				C25C4F7E21D343E600D375E0 /* TableViewPracticeTests */,
				C25C4F8921D343E600D375E0 /* TableViewPracticeUITests */,
			);
		};
/* End PBXProject section */

/* Begin PBXReferenceProxy section */
		C25C4FAC21D353B900D375E0 /* Kingfisher.framework */ = {
			isa = PBXReferenceProxy;
			fileType = wrapper.framework;
			path = Kingfisher.framework;
			remoteRef = C25C4FAB21D353B900D375E0 /* PBXContainerItemProxy */;
			sourceTree = BUILT_PRODUCTS_DIR;
		};
		C25C4FAE21D353B900D375E0 /* Kingfisher.framework */ = {
			isa = PBXReferenceProxy;
			fileType = wrapper.framework;
			path = Kingfisher.framework;
			remoteRef = C25C4FAD21D353B900D375E0 /* PBXContainerItemProxy */;
			sourceTree = BUILT_PRODUCTS_DIR;
		};
		C25C4FB021D353B900D375E0 /* Kingfisher.framework */ = {
			isa = PBXReferenceProxy;
			fileType = wrapper.framework;
			path = Kingfisher.framework;
			remoteRef = C25C4FAF21D353B900D375E0 /* PBXContainerItemProxy */;
			sourceTree = BUILT_PRODUCTS_DIR;
		};
		C25C4FB221D353B900D375E0 /* Kingfisher.framework */ = {
			isa = PBXReferenceProxy;
			fileType = wrapper.framework;
			path = Kingfisher.framework;
			remoteRef = C25C4FB121D353B900D375E0 /* PBXContainerItemProxy */;
			sourceTree = BUILT_PRODUCTS_DIR;
		};
		C25C4FB421D353B900D375E0 /* KingfisherTests.xctest */ = {
			isa = PBXReferenceProxy;
			fileType = wrapper.cfbundle;
			path = KingfisherTests.xctest;
			remoteRef = C25C4FB321D353B900D375E0 /* PBXContainerItemProxy */;
			sourceTree = BUILT_PRODUCTS_DIR;
		};
		C25C4FB621D353B900D375E0 /* KingfisherTests-tvOS.xctest */ = {
			isa = PBXReferenceProxy;
			fileType = wrapper.cfbundle;
			path = "KingfisherTests-tvOS.xctest";
			remoteRef = C25C4FB521D353B900D375E0 /* PBXContainerItemProxy */;
			sourceTree = BUILT_PRODUCTS_DIR;
		};
		C25C4FB821D353B900D375E0 /* KingfisherTests-macOS.xctest */ = {
			isa = PBXReferenceProxy;
			fileType = wrapper.cfbundle;
			path = "KingfisherTests-macOS.xctest";
			remoteRef = C25C4FB721D353B900D375E0 /* PBXContainerItemProxy */;
			sourceTree = BUILT_PRODUCTS_DIR;
		};
/* End PBXReferenceProxy section */

/* Begin PBXResourcesBuildPhase section */
		C25C4F6921D343E000D375E0 /* Resources */ = {
			isa = PBXResourcesBuildPhase;
			buildActionMask = 2147483647;
			files = (
				C25C4F7921D343E600D375E0 /* LaunchScreen.storyboard in Resources */,
				C25C4F7621D343E600D375E0 /* Assets.xcassets in Resources */,
				C25C4F7421D343E000D375E0 /* Main.storyboard in Resources */,
			);
			runOnlyForDeploymentPostprocessing = 0;
		};
		C25C4F7D21D343E600D375E0 /* Resources */ = {
			isa = PBXResourcesBuildPhase;
			buildActionMask = 2147483647;
			files = (
			);
			runOnlyForDeploymentPostprocessing = 0;
		};
		C25C4F8821D343E600D375E0 /* Resources */ = {
			isa = PBXResourcesBuildPhase;
			buildActionMask = 2147483647;
			files = (
			);
			runOnlyForDeploymentPostprocessing = 0;
		};
/* End PBXResourcesBuildPhase section */

/* Begin PBXSourcesBuildPhase section */
		C25C4F6721D343E000D375E0 /* Sources */ = {
			isa = PBXSourcesBuildPhase;
			buildActionMask = 2147483647;
			files = (
				C25C4F7121D343E000D375E0 /* ViewController.swift in Sources */,
				C221119A21D60B4B00008DCB /* StudentTableViewCell1.swift in Sources */,
				C2287A1221D6702D00C8708A /* StudentDetailsViewController.swift in Sources */,
				C25C4F6F21D343E000D375E0 /* AppDelegate.swift in Sources */,
				C25C4FA021D34E5500D375E0 /* StudentTableViewCell.swift in Sources */,
			);
			runOnlyForDeploymentPostprocessing = 0;
		};
		C25C4F7B21D343E600D375E0 /* Sources */ = {
			isa = PBXSourcesBuildPhase;
			buildActionMask = 2147483647;
			files = (
				C25C4F8421D343E600D375E0 /* TableViewPracticeTests.swift in Sources */,
			);
			runOnlyForDeploymentPostprocessing = 0;
		};
		C25C4F8621D343E600D375E0 /* Sources */ = {
			isa = PBXSourcesBuildPhase;
			buildActionMask = 2147483647;
			files = (
				C25C4F8F21D343E600D375E0 /* TableViewPracticeUITests.swift in Sources */,
			);
			runOnlyForDeploymentPostprocessing = 0;
		};
/* End PBXSourcesBuildPhase section */

/* Begin PBXTargetDependency section */
		C221118E21D5FD4C00008DCB /* PBXTargetDependency */ = {
			isa = PBXTargetDependency;
			name = "Kingfisher-iOS";
			targetProxy = C221118D21D5FD4C00008DCB /* PBXContainerItemProxy */;
		};
		C25C4F8121D343E600D375E0 /* PBXTargetDependency */ = {
			isa = PBXTargetDependency;
			target = C25C4F6A21D343E000D375E0 /* TableViewPractice */;
			targetProxy = C25C4F8021D343E600D375E0 /* PBXContainerItemProxy */;
		};
		C25C4F8C21D343E600D375E0 /* PBXTargetDependency */ = {
			isa = PBXTargetDependency;
			target = C25C4F6A21D343E000D375E0 /* TableViewPractice */;
			targetProxy = C25C4F8B21D343E600D375E0 /* PBXContainerItemProxy */;
		};
/* End PBXTargetDependency section */

/* Begin PBXVariantGroup section */
		C25C4F7221D343E000D375E0 /* Main.storyboard */ = {
			isa = PBXVariantGroup;
			children = (
				C25C4F7321D343E000D375E0 /* Base */,
			);
			name = Main.storyboard;
			sourceTree = "<group>";
		};
		C25C4F7721D343E600D375E0 /* LaunchScreen.storyboard */ = {
			isa = PBXVariantGroup;
			children = (
				C25C4F7821D343E600D375E0 /* Base */,
			);
			name = LaunchScreen.storyboard;
			sourceTree = "<group>";
		};
/* End PBXVariantGroup section */

/* Begin XCBuildConfiguration section */
		C25C4F9121D343E600D375E0 /* Debug */ = {
			isa = XCBuildConfiguration;
			buildSettings = {
				ALWAYS_SEARCH_USER_PATHS = NO;
				CLANG_ANALYZER_NONNULL = YES;
				CLANG_ANALYZER_NUMBER_OBJECT_CONVERSION = YES_AGGRESSIVE;
				CLANG_CXX_LANGUAGE_STANDARD = "gnu++14";
				CLANG_CXX_LIBRARY = "libc++";
				CLANG_ENABLE_MODULES = YES;
				CLANG_ENABLE_OBJC_ARC = YES;
				CLANG_ENABLE_OBJC_WEAK = YES;
				CLANG_WARN_BLOCK_CAPTURE_AUTORELEASING = YES;
				CLANG_WARN_BOOL_CONVERSION = YES;
				CLANG_WARN_COMMA = YES;
				CLANG_WARN_CONSTANT_CONVERSION = YES;
				CLANG_WARN_DEPRECATED_OBJC_IMPLEMENTATIONS = YES;
				CLANG_WARN_DIRECT_OBJC_ISA_USAGE = YES_ERROR;
				CLANG_WARN_DOCUMENTATION_COMMENTS = YES;
				CLANG_WARN_EMPTY_BODY = YES;
				CLANG_WARN_ENUM_CONVERSION = YES;
				CLANG_WARN_INFINITE_RECURSION = YES;
				CLANG_WARN_INT_CONVERSION = YES;
				CLANG_WARN_NON_LITERAL_NULL_CONVERSION = YES;
				CLANG_WARN_OBJC_IMPLICIT_RETAIN_SELF = YES;
				CLANG_WARN_OBJC_LITERAL_CONVERSION = YES;
				CLANG_WARN_OBJC_ROOT_CLASS = YES_ERROR;
				CLANG_WARN_RANGE_LOOP_ANALYSIS = YES;
				CLANG_WARN_STRICT_PROTOTYPES = YES;
				CLANG_WARN_SUSPICIOUS_MOVE = YES;
				CLANG_WARN_UNGUARDED_AVAILABILITY = YES_AGGRESSIVE;
				CLANG_WARN_UNREACHABLE_CODE = YES;
				CLANG_WARN__DUPLICATE_METHOD_MATCH = YES;
				CODE_SIGN_IDENTITY = "iPhone Developer";
				COPY_PHASE_STRIP = NO;
				DEBUG_INFORMATION_FORMAT = dwarf;
				ENABLE_STRICT_OBJC_MSGSEND = YES;
				ENABLE_TESTABILITY = YES;
				GCC_C_LANGUAGE_STANDARD = gnu11;
				GCC_DYNAMIC_NO_PIC = NO;
				GCC_NO_COMMON_BLOCKS = YES;
				GCC_OPTIMIZATION_LEVEL = 0;
				GCC_PREPROCESSOR_DEFINITIONS = (
					"DEBUG=1",
					"$(inherited)",
				);
				GCC_WARN_64_TO_32_BIT_CONVERSION = YES;
				GCC_WARN_ABOUT_RETURN_TYPE = YES_ERROR;
				GCC_WARN_UNDECLARED_SELECTOR = YES;
				GCC_WARN_UNINITIALIZED_AUTOS = YES_AGGRESSIVE;
				GCC_WARN_UNUSED_FUNCTION = YES;
				GCC_WARN_UNUSED_VARIABLE = YES;
				IPHONEOS_DEPLOYMENT_TARGET = 12.0;
				MTL_ENABLE_DEBUG_INFO = INCLUDE_SOURCE;
				MTL_FAST_MATH = YES;
				ONLY_ACTIVE_ARCH = YES;
				SDKROOT = iphoneos;
				SWIFT_ACTIVE_COMPILATION_CONDITIONS = DEBUG;
				SWIFT_OPTIMIZATION_LEVEL = "-Onone";
			};
			name = Debug;
		};
		C25C4F9221D343E600D375E0 /* Release */ = {
			isa = XCBuildConfiguration;
			buildSettings = {
				ALWAYS_SEARCH_USER_PATHS = NO;
				CLANG_ANALYZER_NONNULL = YES;
				CLANG_ANALYZER_NUMBER_OBJECT_CONVERSION = YES_AGGRESSIVE;
				CLANG_CXX_LANGUAGE_STANDARD = "gnu++14";
				CLANG_CXX_LIBRARY = "libc++";
				CLANG_ENABLE_MODULES = YES;
				CLANG_ENABLE_OBJC_ARC = YES;
				CLANG_ENABLE_OBJC_WEAK = YES;
				CLANG_WARN_BLOCK_CAPTURE_AUTORELEASING = YES;
				CLANG_WARN_BOOL_CONVERSION = YES;
				CLANG_WARN_COMMA = YES;
				CLANG_WARN_CONSTANT_CONVERSION = YES;
				CLANG_WARN_DEPRECATED_OBJC_IMPLEMENTATIONS = YES;
				CLANG_WARN_DIRECT_OBJC_ISA_USAGE = YES_ERROR;
				CLANG_WARN_DOCUMENTATION_COMMENTS = YES;
				CLANG_WARN_EMPTY_BODY = YES;
				CLANG_WARN_ENUM_CONVERSION = YES;
				CLANG_WARN_INFINITE_RECURSION = YES;
				CLANG_WARN_INT_CONVERSION = YES;
				CLANG_WARN_NON_LITERAL_NULL_CONVERSION = YES;
				CLANG_WARN_OBJC_IMPLICIT_RETAIN_SELF = YES;
				CLANG_WARN_OBJC_LITERAL_CONVERSION = YES;
				CLANG_WARN_OBJC_ROOT_CLASS = YES_ERROR;
				CLANG_WARN_RANGE_LOOP_ANALYSIS = YES;
				CLANG_WARN_STRICT_PROTOTYPES = YES;
				CLANG_WARN_SUSPICIOUS_MOVE = YES;
				CLANG_WARN_UNGUARDED_AVAILABILITY = YES_AGGRESSIVE;
				CLANG_WARN_UNREACHABLE_CODE = YES;
				CLANG_WARN__DUPLICATE_METHOD_MATCH = YES;
				CODE_SIGN_IDENTITY = "iPhone Developer";
				COPY_PHASE_STRIP = NO;
				DEBUG_INFORMATION_FORMAT = "dwarf-with-dsym";
				ENABLE_NS_ASSERTIONS = NO;
				ENABLE_STRICT_OBJC_MSGSEND = YES;
				GCC_C_LANGUAGE_STANDARD = gnu11;
				GCC_NO_COMMON_BLOCKS = YES;
				GCC_WARN_64_TO_32_BIT_CONVERSION = YES;
				GCC_WARN_ABOUT_RETURN_TYPE = YES_ERROR;
				GCC_WARN_UNDECLARED_SELECTOR = YES;
				GCC_WARN_UNINITIALIZED_AUTOS = YES_AGGRESSIVE;
				GCC_WARN_UNUSED_FUNCTION = YES;
				GCC_WARN_UNUSED_VARIABLE = YES;
				IPHONEOS_DEPLOYMENT_TARGET = 12.0;
				MTL_ENABLE_DEBUG_INFO = NO;
				MTL_FAST_MATH = YES;
				SDKROOT = iphoneos;
				SWIFT_COMPILATION_MODE = wholemodule;
				SWIFT_OPTIMIZATION_LEVEL = "-O";
				VALIDATE_PRODUCT = YES;
			};
			name = Release;
		};
		C25C4F9421D343E600D375E0 /* Debug */ = {
			isa = XCBuildConfiguration;
			buildSettings = {
				ASSETCATALOG_COMPILER_APPICON_NAME = AppIcon;
				CODE_SIGN_STYLE = Automatic;
				INFOPLIST_FILE = TableViewPractice/Info.plist;
				LD_RUNPATH_SEARCH_PATHS = (
					"$(inherited)",
					"@executable_path/Frameworks",
				);
				PRODUCT_BUNDLE_IDENTIFIER = Haritech.TableViewPractice;
				PRODUCT_NAME = "$(TARGET_NAME)";
				SWIFT_VERSION = 4.2;
				TARGETED_DEVICE_FAMILY = "1,2";
			};
			name = Debug;
		};
		C25C4F9521D343E600D375E0 /* Release */ = {
			isa = XCBuildConfiguration;
			buildSettings = {
				ASSETCATALOG_COMPILER_APPICON_NAME = AppIcon;
				CODE_SIGN_STYLE = Automatic;
				INFOPLIST_FILE = TableViewPractice/Info.plist;
				LD_RUNPATH_SEARCH_PATHS = (
					"$(inherited)",
					"@executable_path/Frameworks",
				);
				PRODUCT_BUNDLE_IDENTIFIER = Haritech.TableViewPractice;
				PRODUCT_NAME = "$(TARGET_NAME)";
				SWIFT_VERSION = 4.2;
				TARGETED_DEVICE_FAMILY = "1,2";
			};
			name = Release;
		};
		C25C4F9721D343E600D375E0 /* Debug */ = {
			isa = XCBuildConfiguration;
			buildSettings = {
				ALWAYS_EMBED_SWIFT_STANDARD_LIBRARIES = YES;
				BUNDLE_LOADER = "$(TEST_HOST)";
				CODE_SIGN_STYLE = Automatic;
				INFOPLIST_FILE = TableViewPracticeTests/Info.plist;
				LD_RUNPATH_SEARCH_PATHS = (
					"$(inherited)",
					"@executable_path/Frameworks",
					"@loader_path/Frameworks",
				);
				PRODUCT_BUNDLE_IDENTIFIER = Haritech.TableViewPracticeTests;
				PRODUCT_NAME = "$(TARGET_NAME)";
				SWIFT_VERSION = 4.2;
				TARGETED_DEVICE_FAMILY = "1,2";
				TEST_HOST = "$(BUILT_PRODUCTS_DIR)/TableViewPractice.app/TableViewPractice";
			};
			name = Debug;
		};
		C25C4F9821D343E600D375E0 /* Release */ = {
			isa = XCBuildConfiguration;
			buildSettings = {
				ALWAYS_EMBED_SWIFT_STANDARD_LIBRARIES = YES;
				BUNDLE_LOADER = "$(TEST_HOST)";
				CODE_SIGN_STYLE = Automatic;
				INFOPLIST_FILE = TableViewPracticeTests/Info.plist;
				LD_RUNPATH_SEARCH_PATHS = (
					"$(inherited)",
					"@executable_path/Frameworks",
					"@loader_path/Frameworks",
				);
				PRODUCT_BUNDLE_IDENTIFIER = Haritech.TableViewPracticeTests;
				PRODUCT_NAME = "$(TARGET_NAME)";
				SWIFT_VERSION = 4.2;
				TARGETED_DEVICE_FAMILY = "1,2";
				TEST_HOST = "$(BUILT_PRODUCTS_DIR)/TableViewPractice.app/TableViewPractice";
			};
			name = Release;
		};
		C25C4F9A21D343E600D375E0 /* Debug */ = {
			isa = XCBuildConfiguration;
			buildSettings = {
				ALWAYS_EMBED_SWIFT_STANDARD_LIBRARIES = YES;
				CODE_SIGN_STYLE = Automatic;
				INFOPLIST_FILE = TableViewPracticeUITests/Info.plist;
				LD_RUNPATH_SEARCH_PATHS = (
					"$(inherited)",
					"@executable_path/Frameworks",
					"@loader_path/Frameworks",
				);
				PRODUCT_BUNDLE_IDENTIFIER = Haritech.TableViewPracticeUITests;
				PRODUCT_NAME = "$(TARGET_NAME)";
				SWIFT_VERSION = 4.2;
				TARGETED_DEVICE_FAMILY = "1,2";
				TEST_TARGET_NAME = TableViewPractice;
			};
			name = Debug;
		};
		C25C4F9B21D343E600D375E0 /* Release */ = {
			isa = XCBuildConfiguration;
			buildSettings = {
				ALWAYS_EMBED_SWIFT_STANDARD_LIBRARIES = YES;
				CODE_SIGN_STYLE = Automatic;
				INFOPLIST_FILE = TableViewPracticeUITests/Info.plist;
				LD_RUNPATH_SEARCH_PATHS = (
					"$(inherited)",
					"@executable_path/Frameworks",
					"@loader_path/Frameworks",
				);
				PRODUCT_BUNDLE_IDENTIFIER = Haritech.TableViewPracticeUITests;
				PRODUCT_NAME = "$(TARGET_NAME)";
				SWIFT_VERSION = 4.2;
				TARGETED_DEVICE_FAMILY = "1,2";
				TEST_TARGET_NAME = TableViewPractice;
			};
			name = Release;
		};
/* End XCBuildConfiguration section */

/* Begin XCConfigurationList section */
		C25C4F6621D343E000D375E0 /* Build configuration list for PBXProject "TableViewPractice" */ = {
			isa = XCConfigurationList;
			buildConfigurations = (
				C25C4F9121D343E600D375E0 /* Debug */,
				C25C4F9221D343E600D375E0 /* Release */,
			);
			defaultConfigurationIsVisible = 0;
			defaultConfigurationName = Release;
		};
		C25C4F9321D343E600D375E0 /* Build configuration list for PBXNativeTarget "TableViewPractice" */ = {
			isa = XCConfigurationList;
			buildConfigurations = (
				C25C4F9421D343E600D375E0 /* Debug */,
				C25C4F9521D343E600D375E0 /* Release */,
			);
			defaultConfigurationIsVisible = 0;
			defaultConfigurationName = Release;
		};
		C25C4F9621D343E600D375E0 /* Build configuration list for PBXNativeTarget "TableViewPracticeTests" */ = {
			isa = XCConfigurationList;
			buildConfigurations = (
				C25C4F9721D343E600D375E0 /* Debug */,
				C25C4F9821D343E600D375E0 /* Release */,
			);
			defaultConfigurationIsVisible = 0;
			defaultConfigurationName = Release;
		};
		C25C4F9921D343E600D375E0 /* Build configuration list for PBXNativeTarget "TableViewPracticeUITests" */ = {
			isa = XCConfigurationList;
			buildConfigurations = (
				C25C4F9A21D343E600D375E0 /* Debug */,
				C25C4F9B21D343E600D375E0 /* Release */,
			);
			defaultConfigurationIsVisible = 0;
			defaultConfigurationName = Release;
		};
/* End XCConfigurationList section */
	};
	rootObject = C25C4F6321D343E000D375E0 /* Project object */;
}
